
Microsoft Visual Studio Solution File, Format Version 12.00
# Visual Studio Version 16
VisualStudioVersion = 16.0.31613.86
MinimumVisualStudioVersion = 10.0.40219.1
Project("{FAE04EC0-301F-11D3-BF4B-00C04F79EFBC}") = "GutenbergBookshelf", "GutenbergBookshelf\GutenbergBookshelf.csproj", "{52922CD1-90F8-4544-A14A-F161B7786366}"
EndProject
Global
	GlobalSection(SolutionConfigurationPlatforms) = preSolution
		Debug|Any CPU = Debug|Any CPU
		Release|Any CPU = Release|Any CPU
	EndGlobalSection
	GlobalSection(ProjectConfigurationPlatforms) = postSolution
		{52922CD1-90F8-4544-A14A-F161B7786366}.Debug|Any CPU.ActiveCfg = Debug|Any CPU
		{52922CD1-90F8-4544-A14A-F161B7786366}.Debug|Any CPU.Build.0 = Debug|Any CPU
		{52922CD1-90F8-4544-A14A-F161B7786366}.Release|Any CPU.ActiveCfg = Release|Any CPU
		{52922CD1-90F8-4544-A14A-F161B7786366}.Release|Any CPU.Build.0 = Release|Any CPU
	EndGlobalSection
	GlobalSection(SolutionProperties) = preSolution
		HideSolutionNode = FALSE
	EndGlobalSection
	GlobalSection(ExtensibilityGlobals) = postSolution
		SolutionGuid = {0AB69F2B-FEA1-4054-A3F5-AF41D0B2418A}
	EndGlobalSection
EndGlobal
